
Microsoft Visual Studio Solution File, Format Version 12.00
Project("{FAE04EC0-301F-11D3-BF4B-00C04F79EFBC}") = "VetClinicApi", "VetClinicApi\VetClinicApi.csproj", "{B5A33EAF-237A-4045-85B9-36136FA6F7EB}"
EndProject
Global
	GlobalSection(SolutionConfigurationPlatforms) = preSolution
		Debug|Any CPU = Debug|Any CPU
		Release|Any CPU = Release|Any CPU
	EndGlobalSection
	GlobalSection(ProjectConfigurationPlatforms) = postSolution
		{B5A33EAF-237A-4045-85B9-36136FA6F7EB}.Debug|Any CPU.ActiveCfg = Debug|Any CPU
		{B5A33EAF-237A-4045-85B9-36136FA6F7EB}.Debug|Any CPU.Build.0 = Debug|Any CPU
		{B5A33EAF-237A-4045-85B9-36136FA6F7EB}.Release|Any CPU.ActiveCfg = Release|Any CPU
		{B5A33EAF-237A-4045-85B9-36136FA6F7EB}.Release|Any CPU.Build.0 = Release|Any CPU
	EndGlobalSection
EndGlobal
